{
  "version": 4,
  "terraform_version": "1.8.2",
  "serial": 11,
  "lineage": "baf80ec2-d818-d38c-bdf5-1ff86665fe59",
  "outputs": {},
  "resources": [
    {
      "mode": "data",
      "type": "azurerm_subnet",
      "name": "internal_subnet",
      "provider": "provider[\"registry.terraform.io/hashicorp/azurerm\"]",
      "instances": [
        {
          "schema_version": 0,
          "attributes": {
            "address_prefix": "10.3.1.0/24",
            "address_prefixes": [
              "10.3.1.0/24"
            ],
            "enforce_private_link_endpoint_network_policies": false,
            "enforce_private_link_service_network_policies": false,
            "id": "/subscriptions/765266c6-9a23-4638-af32-dd1e32613047/resourceGroups/ADDA84-CTP/providers/Microsoft.Network/virtualNetworks/network-tp4/subnets/internal",
            "name": "internal",
            "network_security_group_id": "",
            "private_endpoint_network_policies_enabled": true,
            "private_link_service_network_policies_enabled": true,
            "resource_group_name": "ADDA84-CTP",
            "route_table_id": "",
            "service_endpoints": [],
            "timeouts": null,
            "virtual_network_name": "network-tp4"
          },
          "sensitive_attributes": []
        }
      ]
    },
    {
      "mode": "data",
      "type": "azurerm_virtual_network",
      "name": "tp4_vnet",
      "provider": "provider[\"registry.terraform.io/hashicorp/azurerm\"]",
      "instances": [
        {
          "schema_version": 0,
          "attributes": {
            "address_space": [
              "10.3.0.0/16"
            ],
            "dns_servers": [],
            "guid": "115ae1ba-2382-40c6-a188-18d5a3a482cd",
            "id": "/subscriptions/765266c6-9a23-4638-af32-dd1e32613047/resourceGroups/ADDA84-CTP/providers/Microsoft.Network/virtualNetworks/network-tp4",
            "location": "francecentral",
            "name": "network-tp4",
            "resource_group_name": "ADDA84-CTP",
            "subnets": [
              "internal"
            ],
            "tags": {},
            "timeouts": null,
            "vnet_peerings": {},
            "vnet_peerings_addresses": []
          },
          "sensitive_attributes": []
        }
      ]
    },
    {
      "mode": "managed",
      "type": "azurerm_linux_virtual_machine",
      "name": "devops_vm",
      "provider": "provider[\"registry.terraform.io/hashicorp/azurerm\"]",
      "instances": [
        {
          "schema_version": 0,
          "attributes": {
            "additional_capabilities": [],
            "admin_password": null,
            "admin_ssh_key": [
              {
                "public_key": "ssh-rsa AAAAB3NzaC1yc2EAAAADAQABAAABAQCWphTKQGaIUxce3aJNNmbW6y3o0gH/fuvd2ERXgeWuxwU0mU/VCQvCrWUw5nRIkXR8wj+2+jycjPCq6JJOgpklSqAYY1P9xVFhAtmZvadnrtNR+qemTcPehTencjR/N5cVChQuUG/nY3c/ojof6/FjlbZNE0NcuqZ+Aoiy9yDprDuJc0YjZRjCjlP5geNVkB67kIwfB51Skgnceh2DwztAZbnOHgRbKIoHUMf3uKjrysmI46jwQNX4F7/lQXGVS4adTT5L3jUcW++a7kAqREq2fWxgpkyEOrp6z9dO5WfQNRk4VlryMYSnHUA40q3H6y6H7uwxwTOIgFKJzjXlBXT/\n",
                "username": "devops"
              }
            ],
            "admin_username": "devops",
            "allow_extension_operations": true,
            "availability_set_id": "",
            "boot_diagnostics": [],
            "bypass_platform_safety_checks_on_user_schedule_enabled": false,
            "capacity_reservation_group_id": "",
            "computer_name": "devops-20230405",
            "custom_data": "I2Nsb3VkLWNvbmZpZw0KIyBJbmRpcXVlIHF1ZSBjZSBmaWNoaWVyIGVzdCB1biBzY3JpcHQgY2xvdWQtaW5pdC4NCg0KIyBNZXQgw6Agam91ciB0b3VzIGxlcyBwYXF1ZXRzIGR1IHN5c3TDqG1lIGF2YW50IGQnaW5zdGFsbGVyIGRlIG5vdXZlYXV4IHBhcXVldHMuDQpwYWNrYWdlX3VwZ3JhZGU6IHRydWUNCg0KIyBMaXN0ZSBkZXMgcGFxdWV0cyDDoCBpbnN0YWxsZXIgcXVpIHNvbnQgbsOpY2Vzc2FpcmVzIHBvdXIgaW5zdGFsbGVyIERvY2tlci4NCnBhY2thZ2VzOg0KICAtIGFwdC10cmFuc3BvcnQtaHR0cHMgICAgICAgIyBQZXJtZXQgw6AgQVBUIGQndXRpbGlzZXIgZGVzIHJlcG9zIHN1ciBIVFRQUw0KICAtIGNhLWNlcnRpZmljYXRlcyAgICAgICAgICAgIyBQZXJtZXQgw6AgbGEgbWFjaGluZSBkZSB2w6lyaWZpZXIgbGEgc8OpY3VyaXTDqSBkZXMgY2VydGlmaWNhdHMgU1NMDQogIC0gY3VybCAgICAgICAgICAgICAgICAgICAgICAjIE91dGlsIGRlIHRyYW5zZmVydCBkZSBkb25uw6llcyB1dGlsaXPDqSBwb3VyIGxlcyBjb21tYW5kZXMgY2ktZGVzc291cw0KICAtIHNvZnR3YXJlLXByb3BlcnRpZXMtY29tbW9uICMgRm91cm5pdCB1biBvdXRpbCBkZSBnZXN0aW9uIGRlcyBzb3VyY2VzIGRlIGxvZ2ljaWVscw0KICAtIGxzYi1yZWxlYXNlICAgICAgICAgICAgICAgIyBGb3Vybml0IGRlcyBpbmZvcm1hdGlvbnMgc3VyIGxhIGRpc3RyaWJ1dGlvbiBMaW51eA0KDQojIExpc3RlIGRlcyBjb21tYW5kZXMgw6AgZXjDqWN1dGVyIHBvdXIgaW5zdGFsbGVyIERvY2tlci4NCnJ1bmNtZDoNCiAgLSBjdXJsIC1mc1NMIGh0dHBzOi8vZG93bmxvYWQuZG9ja2VyLmNvbS9saW51eC91YnVudHUvZ3BnIHwgc3VkbyBhcHQta2V5IGFkZCAtDQogICAgIyBUw6lsw6ljaGFyZ2UgbGEgY2zDqSBHUEcgb2ZmaWNpZWxsZSBkZSBEb2NrZXIgZXQgbCdham91dGUgYXUgc3lzdMOobWUgZGUgZ2VzdGlvbiBkZXMgcGFxdWV0cywNCiAgICAjIG7DqWNlc3NhaXJlIHBvdXIgcydhc3N1cmVyIHF1ZSBsZXMgcGFxdWV0cyB0w6lsw6ljaGFyZ8OpcyBzb250IGF1dGhlbnRpcXVlcy4NCg0KICAtIHN1ZG8gYWRkLWFwdC1yZXBvc2l0b3J5ICJkZWIgW2FyY2g9YW1kNjRdIGh0dHBzOi8vZG93bmxvYWQuZG9ja2VyLmNvbS9saW51eC91YnVudHUgJChsc2JfcmVsZWFzZSAtY3MpIHN0YWJsZSINCiAgICAjIEFqb3V0ZSBsZSBkw6lww7R0IG9mZmljaWVsIGRlIERvY2tlciBhdXggc291cmNlcyBBUFQgZGUgVWJ1bnR1LCBwb3VyIGxhIHZlcnNpb24gc3RhYmxlIGRlIERvY2tlciwNCiAgICAjIGV0IHBvdXIgbCdhcmNoaXRlY3R1cmUgYW1kNjQuDQoNCiAgLSBzdWRvIGFwdC1nZXQgdXBkYXRlDQogICAgIyBNZXQgw6Agam91ciBsJ2luZGV4IGRlcyBwYXF1ZXRzIGFwcsOocyBsJ2Fqb3V0IGR1IG5vdXZlYXUgZMOpcMO0dCBEb2NrZXIuDQoNCiAgLSBzdWRvIGFwdC1nZXQgaW5zdGFsbCAteSBkb2NrZXItY2UgZG9ja2VyLWNlLWNsaSBjb250YWluZXJkLmlvDQogICAgIyBJbnN0YWxsZSBEb2NrZXIsIERvY2tlciBDTEkgZXQgY29udGFpbmVyZCwgcXVpIHNvbnQgbsOpY2Vzc2FpcmVzIHBvdXIgZXjDqWN1dGVyIGRlcyBjb250ZW5ldXJzIERvY2tlci4NCg0KICAtIHN1ZG8gdXNlcm1vZCAtYUcgZG9ja2VyICRVU0VSDQogICAgIyBBam91dGUgbCd1dGlsaXNhdGV1ciBhY3R1ZWwgYXUgZ3JvdXBlIERvY2tlciwgcGVybWV0dGFudCBkJ2V4w6ljdXRlciBkZXMgY29tbWFuZGVzIERvY2tlciBzYW5zIHN1ZG8u",
            "dedicated_host_group_id": "",
            "dedicated_host_id": "",
            "disable_password_authentication": true,
            "disk_controller_type": "SCSI",
            "edge_zone": "",
            "encryption_at_host_enabled": false,
            "eviction_policy": "",
            "extensions_time_budget": "PT1H30M",
            "gallery_application": [],
            "id": "/subscriptions/765266c6-9a23-4638-af32-dd1e32613047/resourceGroups/ADDA84-CTP/providers/Microsoft.Compute/virtualMachines/devops-20230405",
            "identity": [],
            "license_type": "",
            "location": "francecentral",
            "max_bid_price": -1,
            "name": "devops-20230405",
            "network_interface_ids": [
              "/subscriptions/765266c6-9a23-4638-af32-dd1e32613047/resourceGroups/ADDA84-CTP/providers/Microsoft.Network/networkInterfaces/devops-ni"
            ],
            "os_disk": [
              {
                "caching": "ReadWrite",
                "diff_disk_settings": [],
                "disk_encryption_set_id": "",
                "disk_size_gb": 30,
                "name": "osdiskk",
                "secure_vm_disk_encryption_set_id": "",
                "security_encryption_type": "",
                "storage_account_type": "Standard_LRS",
                "write_accelerator_enabled": false
              }
            ],
            "os_image_notification": [],
            "patch_assessment_mode": "ImageDefault",
            "patch_mode": "ImageDefault",
            "plan": [],
            "platform_fault_domain": -1,
            "priority": "Regular",
            "private_ip_address": "10.3.1.10",
            "private_ip_addresses": [
              "10.3.1.10"
            ],
            "provision_vm_agent": true,
            "proximity_placement_group_id": "",
            "public_ip_address": "52.143.182.205",
            "public_ip_addresses": [
              "52.143.182.205"
            ],
            "reboot_setting": "",
            "resource_group_name": "ADDA84-CTP",
            "secret": [],
            "secure_boot_enabled": false,
            "size": "Standard_D2s_v3",
            "source_image_id": "",
            "source_image_reference": [
              {
                "offer": "0001-com-ubuntu-server-focal",
                "publisher": "Canonical",
                "sku": "20_04-lts-gen2",
                "version": "latest"
              }
            ],
            "tags": {},
            "termination_notification": [],
            "timeouts": null,
            "user_data": "",
            "virtual_machine_id": "7f2e582f-dc6b-4fb5-8463-b4817f3a3de1",
            "virtual_machine_scale_set_id": "",
            "vm_agent_platform_updates_enabled": false,
            "vtpm_enabled": false,
            "zone": ""
          },
          "sensitive_attributes": [
            [
              {
                "type": "get_attr",
                "value": "admin_password"
              }
            ],
            [
              {
                "type": "get_attr",
                "value": "custom_data"
              }
            ]
          ],
          "private": "eyJlMmJmYjczMC1lY2FhLTExZTYtOGY4OC0zNDM2M2JjN2M0YzAiOnsiY3JlYXRlIjoyNzAwMDAwMDAwMDAwLCJkZWxldGUiOjI3MDAwMDAwMDAwMDAsInJlYWQiOjMwMDAwMDAwMDAwMCwidXBkYXRlIjoyNzAwMDAwMDAwMDAwfX0=",
          "dependencies": [
            "azurerm_network_interface.devops_ni",
            "azurerm_public_ip.devops_public_ip",
            "data.azurerm_subnet.internal_subnet",
            "data.azurerm_virtual_network.tp4_vnet",
            "tls_private_key.ssh_key"
          ]
        }
      ]
    },
    {
      "mode": "managed",
      "type": "azurerm_network_interface",
      "name": "devops_ni",
      "provider": "provider[\"registry.terraform.io/hashicorp/azurerm\"]",
      "instances": [
        {
          "schema_version": 0,
          "attributes": {
            "applied_dns_servers": [],
            "auxiliary_mode": "",
            "auxiliary_sku": "",
            "dns_servers": [],
            "edge_zone": "",
            "enable_accelerated_networking": false,
            "enable_ip_forwarding": false,
            "id": "/subscriptions/765266c6-9a23-4638-af32-dd1e32613047/resourceGroups/ADDA84-CTP/providers/Microsoft.Network/networkInterfaces/devops-ni",
            "internal_dns_name_label": "",
            "internal_domain_name_suffix": "xlqvuemcepdebimiddk0hjeczf.parx.internal.cloudapp.net",
            "ip_configuration": [
              {
                "gateway_load_balancer_frontend_ip_configuration_id": "",
                "name": "internal",
                "primary": true,
                "private_ip_address": "10.3.1.10",
                "private_ip_address_allocation": "Dynamic",
                "private_ip_address_version": "IPv4",
                "public_ip_address_id": "/subscriptions/765266c6-9a23-4638-af32-dd1e32613047/resourceGroups/ADDA84-CTP/providers/Microsoft.Network/publicIPAddresses/devops-public-ip",
                "subnet_id": "/subscriptions/765266c6-9a23-4638-af32-dd1e32613047/resourceGroups/ADDA84-CTP/providers/Microsoft.Network/virtualNetworks/network-tp4/subnets/internal"
              }
            ],
            "location": "francecentral",
            "mac_address": "60-45-BD-19-CC-44",
            "name": "devops-ni",
            "private_ip_address": "10.3.1.10",
            "private_ip_addresses": [
              "10.3.1.10"
            ],
            "resource_group_name": "ADDA84-CTP",
            "tags": {},
            "timeouts": null,
            "virtual_machine_id": "/subscriptions/765266c6-9a23-4638-af32-dd1e32613047/resourceGroups/ADDA84-CTP/providers/Microsoft.Compute/virtualMachines/devops-20230405"
          },
          "sensitive_attributes": [],
          "private": "eyJlMmJmYjczMC1lY2FhLTExZTYtOGY4OC0zNDM2M2JjN2M0YzAiOnsiY3JlYXRlIjoxODAwMDAwMDAwMDAwLCJkZWxldGUiOjE4MDAwMDAwMDAwMDAsInJlYWQiOjMwMDAwMDAwMDAwMCwidXBkYXRlIjoxODAwMDAwMDAwMDAwfX0=",
          "dependencies": [
            "azurerm_public_ip.devops_public_ip",
            "data.azurerm_subnet.internal_subnet",
            "data.azurerm_virtual_network.tp4_vnet"
          ]
        }
      ]
    },
    {
      "mode": "managed",
      "type": "azurerm_public_ip",
      "name": "devops_public_ip",
      "provider": "provider[\"registry.terraform.io/hashicorp/azurerm\"]",
      "instances": [
        {
          "schema_version": 0,
          "attributes": {
            "allocation_method": "Static",
            "ddos_protection_mode": "VirtualNetworkInherited",
            "ddos_protection_plan_id": null,
            "domain_name_label": null,
            "edge_zone": "",
            "fqdn": null,
            "id": "/subscriptions/765266c6-9a23-4638-af32-dd1e32613047/resourceGroups/ADDA84-CTP/providers/Microsoft.Network/publicIPAddresses/devops-public-ip",
            "idle_timeout_in_minutes": 4,
            "ip_address": "52.143.182.205",
            "ip_tags": {},
            "ip_version": "IPv4",
            "location": "francecentral",
            "name": "devops-public-ip",
            "public_ip_prefix_id": null,
            "resource_group_name": "ADDA84-CTP",
            "reverse_fqdn": null,
            "sku": "Basic",
            "sku_tier": "Regional",
            "tags": {},
            "timeouts": null,
            "zones": []
          },
          "sensitive_attributes": [],
          "private": "eyJlMmJmYjczMC1lY2FhLTExZTYtOGY4OC0zNDM2M2JjN2M0YzAiOnsiY3JlYXRlIjoxODAwMDAwMDAwMDAwLCJkZWxldGUiOjE4MDAwMDAwMDAwMDAsInJlYWQiOjMwMDAwMDAwMDAwMCwidXBkYXRlIjoxODAwMDAwMDAwMDAwfX0="
        }
      ]
    },
    {
      "mode": "managed",
      "type": "local_file",
      "name": "private_key",
      "provider": "provider[\"registry.terraform.io/hashicorp/local\"]",
      "instances": [
        {
          "schema_version": 0,
          "attributes": {
            "content": null,
            "content_base64": null,
            "content_base64sha256": "SOMqP3ERtkktLDQEmvlW4qnD1Nk+OWyn91JzAuoMsno=",
            "content_base64sha512": "2mx38OgybHxsGQ/IHrOZdpn2WVq3rl9qdOy6LgVCVlHst+EzTmJBTwPbG6bP1ON1WrCmH/+IsQyQkc9oiokqKA==",
            "content_md5": "8171ad481910e0fdb87b5c7f96f72da4",
            "content_sha1": "f9e891ea0c4b6db4ffee6742bd69e68da013a427",
            "content_sha256": "48e32a3f7111b6492d2c34049af956e2a9c3d4d93e396ca7f7527302ea0cb27a",
            "content_sha512": "da6c77f0e8326c7c6c190fc81eb3997699f6595ab7ae5f6a74ecba2e05425651ecb7e1334e62414f03db1ba6cfd4e3755ab0a61fff88b10c9091cf688a892a28",
            "directory_permission": "0777",
            "file_permission": "0600",
            "filename": "C:/Users/magatte.ba/.ssh/devops_ssh_key.pem",
            "id": "f9e891ea0c4b6db4ffee6742bd69e68da013a427",
            "sensitive_content": "-----BEGIN RSA PRIVATE KEY-----\nMIIEogIBAAKCAQEAlqYUykBmiFMXHt2iTTZm1ust6NIB/37r3dhEV4HlrscFNJlP\n1QkLwq1lMOZ0SJF0fMI/tvo8nIzwquiSToKZJUqgGGNT/cVRYQLZmb2nZ67TUfqn\npk3D3oU3p3I0fzeXFQoULlBv52N3P6I6H+vxY5W2TRNDXLqmfgKIsvcg6aw7iXNG\nI2UYwo5T+YHjVZAeu5CMHwedUpIJ3Hodg8M7QGW5zh4EWyiKB1DH97io68rJiOOo\n8EDV+Be/5UFxlUuGnU0+S941HFvvmu5AKkRKtn1sYKZMhDq6es/XTuVn0DUZOFZa\n8jGEpx1AONKtx+suh+7sMcEziIBSic415QV0/wIDAQABAoIBADGirOzqhR3bip2f\n1q7sArxDJpA0SXY+AkbIz9OpN9z7M+rdrKD7ZwWQjeurspqKWkAU3FtUXY4THeSh\n1jrJ6t2PleoTKARP8/0rrDhsdXDC+FtlY8F2k9eIOwsPpN5ZmYzUEkwkMoqhihPM\nRqxn19PA6xzAAQzXbq3L9fBJXm2+0TwakVRd72UscedwbdTsmGMvZ6kbEH8h2U+C\nesufQBH56EbDUnZA7CWztJ3r0xNkih/1ooOZ3OtQkjVmvSI0D3Cgce56E06ZFSSL\n9jVIAUK6h1Fld6bRjKkmdMKHmHmzZ5+TErrqm8AwRWfNzra0u8Ww+7ZqzAzzb+tu\nyYTERlkCgYEAyC3PqB5FPke5mLv+oPMIKwmWq5ZMNzpNkECXjGXbd/AfmGc1cnzt\nrcNFvvXT19+m4hht+AFPMsQPP1xydTIO6LqvzhnpTI5kwGGuLPKTAX3oTvJSRY8R\nVrq5vPY+NCWKDhsya+56N3kcRCeSmEK/ywn76mcUS6wnKgJxUg8GTssCgYEAwKh0\nWvcJZs1xf5JrVND5QMufVkRW/F0Gwso1LHj9+OkVDogY6iaOlKBUXugE+ysKbpCI\nQGV19vAbKylxJEhhn2H7aWcbDP2wYqVrn7p1U0ontccMA98tyE1SY+Mos5YKaCJD\n/+u9Yyym6/dqDA2ilIKfj9R8Yvwv177f63DSmB0CgYBXNRX9UMqrukWR03y3k4kg\nbrn0ILMtcDnwOSOMp6c4FiU9mOEA8on9JFATRDc5GZczcp8d5zwgiqd13AmFIvy5\nyPLkIAeyMWqVITjnHfqLMNXu5sSOxygvl4NpXgF1aFE/mfuaZ7dYyWtWCcNkj9fM\nVZoo4SVHXkVlmNDThfYihwKBgHLyjynPBx79KODSvZNHc9ADLbhM4hGEd4o1F3DH\nZ9DhUJzw+tyJ0LxAxNYzXPV3AqxhM8ooPy/spmkkOstJHGX6EgUbbXpcyqawx/vv\nRh1Bu1urvTF6MVi3OZc7a4dq2B61gxjo0IChnZ5gajdy0zQEk6s/Pk/Y47q3ueZB\n1ITJAoGASizmqN9i+X8wmghE8t72z99HaWkH47lOaEjc7PkPUlGihqgFoQzSuyO+\nx9VWNAkKPtsXrwEzI3oHz800tfSHgW1DfKwwpj4AiWrWfHkc2Oucy2/W4kbGcTFH\n1LXiPFgTJn6vGF7LkO8XjBixCgpnvMBPyVTpNpKrSfg5y8KvxAU=\n-----END RSA PRIVATE KEY-----\n",
            "source": null
          },
          "sensitive_attributes": [
            [
              {
                "type": "get_attr",
                "value": "sensitive_content"
              }
            ]
          ],
          "dependencies": [
            "tls_private_key.ssh_key"
          ]
        }
      ]
    },
    {
      "mode": "managed",
      "type": "tls_private_key",
      "name": "ssh_key",
      "provider": "provider[\"registry.terraform.io/hashicorp/tls\"]",
      "instances": [
        {
          "schema_version": 0,
          "attributes": {
            "algorithm": "RSA",
            "ecdsa_curve": "P224",
            "id": "601e84bedbad6b09ad312e6b7049bd53738c4d74",
            "private_key_openssh": "-----BEGIN OPENSSH PRIVATE KEY-----\nb3BlbnNzaC1rZXktdjEAAAAABG5vbmUAAAAEbm9uZQAAAAAAAAABAAABFwAAAAdz\nc2gtcnNhAAAAAwEAAQAAAQEAlqYUykBmiFMXHt2iTTZm1ust6NIB/37r3dhEV4Hl\nrscFNJlP1QkLwq1lMOZ0SJF0fMI/tvo8nIzwquiSToKZJUqgGGNT/cVRYQLZmb2n\nZ67TUfqnpk3D3oU3p3I0fzeXFQoULlBv52N3P6I6H+vxY5W2TRNDXLqmfgKIsvcg\n6aw7iXNGI2UYwo5T+YHjVZAeu5CMHwedUpIJ3Hodg8M7QGW5zh4EWyiKB1DH97io\n68rJiOOo8EDV+Be/5UFxlUuGnU0+S941HFvvmu5AKkRKtn1sYKZMhDq6es/XTuVn\n0DUZOFZa8jGEpx1AONKtx+suh+7sMcEziIBSic415QV0/wAAA7jFecoNxXnKDQAA\nAAdzc2gtcnNhAAABAQCWphTKQGaIUxce3aJNNmbW6y3o0gH/fuvd2ERXgeWuxwU0\nmU/VCQvCrWUw5nRIkXR8wj+2+jycjPCq6JJOgpklSqAYY1P9xVFhAtmZvadnrtNR\n+qemTcPehTencjR/N5cVChQuUG/nY3c/ojof6/FjlbZNE0NcuqZ+Aoiy9yDprDuJ\nc0YjZRjCjlP5geNVkB67kIwfB51Skgnceh2DwztAZbnOHgRbKIoHUMf3uKjrysmI\n46jwQNX4F7/lQXGVS4adTT5L3jUcW++a7kAqREq2fWxgpkyEOrp6z9dO5WfQNRk4\nVlryMYSnHUA40q3H6y6H7uwxwTOIgFKJzjXlBXT/AAAAAwEAAQAAAQAxoqzs6oUd\n24qdn9au7AK8QyaQNEl2PgJGyM/TqTfc+zPq3ayg+2cFkI3rq7KailpAFNxbVF2O\nEx3kodY6yerdj5XqEygET/P9K6w4bHVwwvhbZWPBdpPXiDsLD6TeWZmM1BJMJDKK\noYoTzEasZ9fTwOscwAEM126ty/XwSV5tvtE8GpFUXe9lLHHncG3U7JhjL2epGxB/\nIdlPgnrLn0AR+ehGw1J2QOwls7Sd69MTZIof9aKDmdzrUJI1Zr0iNA9woHHuehNO\nmRUki/Y1SAFCuodRZXem0YypJnTCh5h5s2efkxK66pvAMEVnzc62tLvFsPu2aswM\n82/rbsmExEZZAAAAgEos5qjfYvl/MJoIRPLe9s/fR2lpB+O5TmhI3Oz5D1JRooao\nBaEM0rsjvsfVVjQJCj7bF68BMyN6B8/NNLX0h4FtQ3ysMKY+AIlq1nx5HNjrnMtv\n1uJGxnExR9S14jxYEyZ+rxhey5DvF4wYsQoKZ7zAT8lU6TaSq0n4OcvCr8QFAAAA\ngQDILc+oHkU+R7mYu/6g8wgrCZarlkw3Ok2QQJeMZdt38B+YZzVyfO2tw0W+9dPX\n36biGG34AU8yxA8/XHJ1Mg7ouq/OGelMjmTAYa4s8pMBfehO8lJFjxFWurm89j40\nJYoOGzJr7no3eRxEJ5KYQr/LCfvqZxRLrCcqAnFSDwZOywAAAIEAwKh0WvcJZs1x\nf5JrVND5QMufVkRW/F0Gwso1LHj9+OkVDogY6iaOlKBUXugE+ysKbpCIQGV19vAb\nKylxJEhhn2H7aWcbDP2wYqVrn7p1U0ontccMA98tyE1SY+Mos5YKaCJD/+u9Yyym\n6/dqDA2ilIKfj9R8Yvwv177f63DSmB0AAAAAAQID\n-----END OPENSSH PRIVATE KEY-----\n",
            "private_key_pem": "-----BEGIN RSA PRIVATE KEY-----\nMIIEogIBAAKCAQEAlqYUykBmiFMXHt2iTTZm1ust6NIB/37r3dhEV4HlrscFNJlP\n1QkLwq1lMOZ0SJF0fMI/tvo8nIzwquiSToKZJUqgGGNT/cVRYQLZmb2nZ67TUfqn\npk3D3oU3p3I0fzeXFQoULlBv52N3P6I6H+vxY5W2TRNDXLqmfgKIsvcg6aw7iXNG\nI2UYwo5T+YHjVZAeu5CMHwedUpIJ3Hodg8M7QGW5zh4EWyiKB1DH97io68rJiOOo\n8EDV+Be/5UFxlUuGnU0+S941HFvvmu5AKkRKtn1sYKZMhDq6es/XTuVn0DUZOFZa\n8jGEpx1AONKtx+suh+7sMcEziIBSic415QV0/wIDAQABAoIBADGirOzqhR3bip2f\n1q7sArxDJpA0SXY+AkbIz9OpN9z7M+rdrKD7ZwWQjeurspqKWkAU3FtUXY4THeSh\n1jrJ6t2PleoTKARP8/0rrDhsdXDC+FtlY8F2k9eIOwsPpN5ZmYzUEkwkMoqhihPM\nRqxn19PA6xzAAQzXbq3L9fBJXm2+0TwakVRd72UscedwbdTsmGMvZ6kbEH8h2U+C\nesufQBH56EbDUnZA7CWztJ3r0xNkih/1ooOZ3OtQkjVmvSI0D3Cgce56E06ZFSSL\n9jVIAUK6h1Fld6bRjKkmdMKHmHmzZ5+TErrqm8AwRWfNzra0u8Ww+7ZqzAzzb+tu\nyYTERlkCgYEAyC3PqB5FPke5mLv+oPMIKwmWq5ZMNzpNkECXjGXbd/AfmGc1cnzt\nrcNFvvXT19+m4hht+AFPMsQPP1xydTIO6LqvzhnpTI5kwGGuLPKTAX3oTvJSRY8R\nVrq5vPY+NCWKDhsya+56N3kcRCeSmEK/ywn76mcUS6wnKgJxUg8GTssCgYEAwKh0\nWvcJZs1xf5JrVND5QMufVkRW/F0Gwso1LHj9+OkVDogY6iaOlKBUXugE+ysKbpCI\nQGV19vAbKylxJEhhn2H7aWcbDP2wYqVrn7p1U0ontccMA98tyE1SY+Mos5YKaCJD\n/+u9Yyym6/dqDA2ilIKfj9R8Yvwv177f63DSmB0CgYBXNRX9UMqrukWR03y3k4kg\nbrn0ILMtcDnwOSOMp6c4FiU9mOEA8on9JFATRDc5GZczcp8d5zwgiqd13AmFIvy5\nyPLkIAeyMWqVITjnHfqLMNXu5sSOxygvl4NpXgF1aFE/mfuaZ7dYyWtWCcNkj9fM\nVZoo4SVHXkVlmNDThfYihwKBgHLyjynPBx79KODSvZNHc9ADLbhM4hGEd4o1F3DH\nZ9DhUJzw+tyJ0LxAxNYzXPV3AqxhM8ooPy/spmkkOstJHGX6EgUbbXpcyqawx/vv\nRh1Bu1urvTF6MVi3OZc7a4dq2B61gxjo0IChnZ5gajdy0zQEk6s/Pk/Y47q3ueZB\n1ITJAoGASizmqN9i+X8wmghE8t72z99HaWkH47lOaEjc7PkPUlGihqgFoQzSuyO+\nx9VWNAkKPtsXrwEzI3oHz800tfSHgW1DfKwwpj4AiWrWfHkc2Oucy2/W4kbGcTFH\n1LXiPFgTJn6vGF7LkO8XjBixCgpnvMBPyVTpNpKrSfg5y8KvxAU=\n-----END RSA PRIVATE KEY-----\n",
            "public_key_fingerprint_md5": "2e:5b:a8:47:8d:19:40:77:40:91:c0:24:fc:3b:2d:8d",
            "public_key_fingerprint_sha256": "SHA256:2W9l+tIx63Y5YWqTv0BfD1IVMo9UTAionWBvXpYMasc",
            "public_key_openssh": "ssh-rsa AAAAB3NzaC1yc2EAAAADAQABAAABAQCWphTKQGaIUxce3aJNNmbW6y3o0gH/fuvd2ERXgeWuxwU0mU/VCQvCrWUw5nRIkXR8wj+2+jycjPCq6JJOgpklSqAYY1P9xVFhAtmZvadnrtNR+qemTcPehTencjR/N5cVChQuUG/nY3c/ojof6/FjlbZNE0NcuqZ+Aoiy9yDprDuJc0YjZRjCjlP5geNVkB67kIwfB51Skgnceh2DwztAZbnOHgRbKIoHUMf3uKjrysmI46jwQNX4F7/lQXGVS4adTT5L3jUcW++a7kAqREq2fWxgpkyEOrp6z9dO5WfQNRk4VlryMYSnHUA40q3H6y6H7uwxwTOIgFKJzjXlBXT/\n",
            "public_key_pem": "-----BEGIN PUBLIC KEY-----\nMIIBIjANBgkqhkiG9w0BAQEFAAOCAQ8AMIIBCgKCAQEAlqYUykBmiFMXHt2iTTZm\n1ust6NIB/37r3dhEV4HlrscFNJlP1QkLwq1lMOZ0SJF0fMI/tvo8nIzwquiSToKZ\nJUqgGGNT/cVRYQLZmb2nZ67TUfqnpk3D3oU3p3I0fzeXFQoULlBv52N3P6I6H+vx\nY5W2TRNDXLqmfgKIsvcg6aw7iXNGI2UYwo5T+YHjVZAeu5CMHwedUpIJ3Hodg8M7\nQGW5zh4EWyiKB1DH97io68rJiOOo8EDV+Be/5UFxlUuGnU0+S941HFvvmu5AKkRK\ntn1sYKZMhDq6es/XTuVn0DUZOFZa8jGEpx1AONKtx+suh+7sMcEziIBSic415QV0\n/wIDAQAB\n-----END PUBLIC KEY-----\n",
            "rsa_bits": 2048
          },
          "sensitive_attributes": [
            [
              {
                "type": "get_attr",
                "value": "private_key_pem"
              }
            ],
            [
              {
                "type": "get_attr",
                "value": "private_key_openssh"
              }
            ]
          ],
          "private": "bnVsbA=="
        }
      ]
    }
  ],
  "check_results": null
}
